<?xml version="1.0" encoding="utf-8"?>
<Project ToolsVersion="4.0" xmlns="http://schemas.microsoft.com/developer/msbuild/2003">
  <ItemGroup>
    <Filter Include="Archivos de origen">
      <UniqueIdentifier>{4FC737F1-C7A5-4376-A066-2A32D752A2FF}</UniqueIdentifier>
      <Extensions>cpp;c;cc;cxx;c++;cppm;ixx;def;odl;idl;hpj;bat;asm;asmx</Extensions>
    </Filter>
    <Filter Include="Archivos de encabezado">
      <UniqueIdentifier>{93995380-89BD-4b04-88EB-625FBE52EBFB}</UniqueIdentifier>
      <Extensions>h;hh;hpp;hxx;h++;hm;inl;inc;ipp;xsd</Extensions>
    </Filter>
    <Filter Include="Archivos de recursos">
      <UniqueIdentifier>{67DA6AB6-F800-4c08-8B7A-83BB121AAD01}</UniqueIdentifier>
      <Extensions>rc;ico;cur;bmp;dlg;rc2;rct;bin;rgs;gif;jpg;jpeg;jpe;resx;tiff;tif;png;wav;mfcribbon-ms</Extensions>
    </Filter>
    <Filter Include="Archivos de encabezado\Layers">
      <UniqueIdentifier>{ab905665-1936-49d9-acb4-05e6e6adbf10}</UniqueIdentifier>
    </Filter>
    <Filter Include="Archivos de origen\Layers">
      <UniqueIdentifier>{56e91cba-0a8f-4ab8-bd8e-3663466008fe}</UniqueIdentifier>
    </Filter>
    <Filter Include="Archivos de encabezado\Actores">
      <UniqueIdentifier>{96902f0b-f688-4877-a175-a4cc4fbbbc32}</UniqueIdentifier>
    </Filter>
    <Filter Include="Archivos de origen\Actores">
      <UniqueIdentifier>{27dffb51-615f-4ac7-8db5-18528a14a9a2}</UniqueIdentifier>
    </Filter>
    <Filter Include="Archivos de encabezado\Actores\Enemigos">
      <UniqueIdentifier>{fc7099ed-2c49-4baf-bf99-82ee75f4f55f}</UniqueIdentifier>
    </Filter>
    <Filter Include="Archivos de origen\Actores\Enemigos">
      <UniqueIdentifier>{30b89089-1a73-4fa8-a59b-e9729da9103a}</UniqueIdentifier>
    </Filter>
  </ItemGroup>
  <ItemGroup>
    <ClCompile Include="Main.cpp">
      <Filter>Archivos de origen</Filter>
    </ClCompile>
    <ClCompile Include="Game.cpp">
      <Filter>Archivos de origen</Filter>
    </ClCompile>
    <ClCompile Include="Layer.cpp">
      <Filter>Archivos de origen\Layers</Filter>
    </ClCompile>
    <ClCompile Include="GameLayer.cpp">
      <Filter>Archivos de origen\Layers</Filter>
    </ClCompile>
    <ClCompile Include="Actor.cpp">
      <Filter>Archivos de origen\Actores</Filter>
    </ClCompile>
    <ClCompile Include="Player.cpp">
      <Filter>Archivos de origen\Actores</Filter>
    </ClCompile>
    <ClCompile Include="Background.cpp">
      <Filter>Archivos de origen\Actores</Filter>
    </ClCompile>
    <ClCompile Include="Projectile.cpp">
      <Filter>Archivos de origen\Actores</Filter>
    </ClCompile>
    <ClCompile Include="Text.cpp">
      <Filter>Archivos de origen\Actores</Filter>
    </ClCompile>
    <ClCompile Include="Animation.cpp">
      <Filter>Archivos de origen</Filter>
    </ClCompile>
    <ClCompile Include="Tile.cpp">
      <Filter>Archivos de origen\Actores</Filter>
    </ClCompile>
    <ClCompile Include="Space.cpp">
      <Filter>Archivos de origen</Filter>
    </ClCompile>
    <ClCompile Include="Pad.cpp">
      <Filter>Archivos de origen\Actores</Filter>
    </ClCompile>
    <ClCompile Include="MenuLayer.cpp">
      <Filter>Archivos de origen\Layers</Filter>
    </ClCompile>
    <ClCompile Include="Enemy.cpp">
      <Filter>Archivos de origen\Actores\Enemigos</Filter>
    </ClCompile>
    <ClCompile Include="Alien.cpp">
      <Filter>Archivos de origen\Actores\Enemigos</Filter>
    </ClCompile>
    <ClCompile Include="Goomba.cpp">
      <Filter>Archivos de origen\Actores\Enemigos</Filter>
    </ClCompile>
    <ClCompile Include="Jumper.cpp">
      <Filter>Archivos de origen\Actores\Enemigos</Filter>
    </ClCompile>
    <ClCompile Include="Summoner.cpp">
      <Filter>Archivos de origen\Actores\Enemigos</Filter>
    </ClCompile>
    <ClCompile Include="Audio.cpp">
      <Filter>Archivos de origen</Filter>
    </ClCompile>
    <ClCompile Include="HealthBar.cpp">
      <Filter>Archivos de origen\Actores</Filter>
    </ClCompile>
  </ItemGroup>
  <ItemGroup>
    <ClInclude Include="Game.h">
      <Filter>Archivos de encabezado</Filter>
    </ClInclude>
    <ClInclude Include="Layer.h">
      <Filter>Archivos de encabezado\Layers</Filter>
    </ClInclude>
    <ClInclude Include="GameLayer.h">
      <Filter>Archivos de encabezado\Layers</Filter>
    </ClInclude>
    <ClInclude Include="Actor.h">
      <Filter>Archivos de encabezado\Actores</Filter>
    </ClInclude>
    <ClInclude Include="Player.h">
      <Filter>Archivos de encabezado\Actores</Filter>
    </ClInclude>
    <ClInclude Include="Background.h">
      <Filter>Archivos de encabezado\Actores</Filter>
    </ClInclude>
    <ClInclude Include="Projectile.h">
      <Filter>Archivos de encabezado\Actores</Filter>
    </ClInclude>
    <ClInclude Include="Text.h">
      <Filter>Archivos de encabezado\Actores</Filter>
    </ClInclude>
    <ClInclude Include="Animation.h">
      <Filter>Archivos de encabezado</Filter>
    </ClInclude>
    <ClInclude Include="Tile.h">
      <Filter>Archivos de encabezado\Actores</Filter>
    </ClInclude>
    <ClInclude Include="Space.h">
      <Filter>Archivos de encabezado</Filter>
    </ClInclude>
    <ClInclude Include="Pad.h">
      <Filter>Archivos de encabezado\Actores</Filter>
    </ClInclude>
    <ClInclude Include="MenuLayer.h">
      <Filter>Archivos de encabezado\Layers</Filter>
    </ClInclude>
    <ClInclude Include="Enemy.h">
      <Filter>Archivos de encabezado\Actores\Enemigos</Filter>
    </ClInclude>
    <ClInclude Include="Alien.h">
      <Filter>Archivos de encabezado\Actores\Enemigos</Filter>
    </ClInclude>
    <ClInclude Include="Goomba.h">
      <Filter>Archivos de encabezado\Actores\Enemigos</Filter>
    </ClInclude>
    <ClInclude Include="Jumper.h">
      <Filter>Archivos de encabezado\Actores\Enemigos</Filter>
    </ClInclude>
    <ClInclude Include="Summoner.h">
      <Filter>Archivos de encabezado\Actores\Enemigos</Filter>
    </ClInclude>
    <ClInclude Include="Audio.h">
      <Filter>Archivos de encabezado</Filter>
    </ClInclude>
    <ClInclude Include="HealthBar.h">
      <Filter>Archivos de encabezado\Actores</Filter>
    </ClInclude>
  </ItemGroup>
</Project>